
Microsoft Visual Studio Solution File, Format Version 12.00
# Visual Studio Version 17
VisualStudioVersion = 17.7.34221.43
MinimumVisualStudioVersion = 10.0.40219.1
Project("{9A19103F-16F7-4668-BE54-9A1E7A4F7556}") = "Gimji", "Gimji\Gimji.csproj", "{64A892FF-9242-447B-B3BB-CA4B40D1B7CA}"
EndProject
Project("{E53339B2-1760-4266-BCC7-CA923CBCF16C}") = "docker-compose", "docker-compose.dcproj", "{64913F23-5E50-4638-9AFA-B64449763F55}"
EndProject
Global
	GlobalSection(SolutionConfigurationPlatforms) = preSolution
		Debug|Any CPU = Debug|Any CPU
		Release|Any CPU = Release|Any CPU
	EndGlobalSection
	GlobalSection(ProjectConfigurationPlatforms) = postSolution
		{64A892FF-9242-447B-B3BB-CA4B40D1B7CA}.Debug|Any CPU.ActiveCfg = Debug|Any CPU
		{64A892FF-9242-447B-B3BB-CA4B40D1B7CA}.Debug|Any CPU.Build.0 = Debug|Any CPU
		{64A892FF-9242-447B-B3BB-CA4B40D1B7CA}.Release|Any CPU.ActiveCfg = Release|Any CPU
		{64A892FF-9242-447B-B3BB-CA4B40D1B7CA}.Release|Any CPU.Build.0 = Release|Any CPU
		{64913F23-5E50-4638-9AFA-B64449763F55}.Debug|Any CPU.ActiveCfg = Debug|Any CPU
		{64913F23-5E50-4638-9AFA-B64449763F55}.Debug|Any CPU.Build.0 = Debug|Any CPU
		{64913F23-5E50-4638-9AFA-B64449763F55}.Release|Any CPU.ActiveCfg = Release|Any CPU
		{64913F23-5E50-4638-9AFA-B64449763F55}.Release|Any CPU.Build.0 = Release|Any CPU
	EndGlobalSection
	GlobalSection(SolutionProperties) = preSolution
		HideSolutionNode = FALSE
	EndGlobalSection
	GlobalSection(ExtensibilityGlobals) = postSolution
		SolutionGuid = {91AE8E52-73B9-4F59-A651-CACAA0F99F78}
	EndGlobalSection
EndGlobal
